{
  "name": "radio",
  "version": "1.0.0",
  "lockfileVersion": 3,
  "requires": true,
  "packages": {
    "": {
      "name": "radio",
      "version": "1.0.0",
      "license": "ISC",
      "dependencies": {
        "@types/child-process-promise": "^2.2.2",
        "@types/watch": "^1.0.3",
        "child-process": "^1.0.2",
        "child-process-promise": "^2.2.1",
        "mcp-spi-adc": "^3.2.0",
        "onoff": "^6.0.3",
        "spi-device": "^3.1.2"
      },
      "devDependencies": {
        "@types/onoff": "^4.1.0",
        "typescript": "^5.1.3"
      }
    },
    "node_modules/@types/child-process-promise": {
      "version": "2.2.2",
      "resolved": "https://registry.npmjs.org/@types/child-process-promise/-/child-process-promise-2.2.2.tgz",
      "integrity": "sha512-4eGTIhKW0jb9DlS81Fgo/UyZ12DMhDhz3Ec8tdHW53l4ubteynNIuy7Z1HNnyHn1jTzXa/o9iX0WoAdiSoDs+Q==",
      "dependencies": {
        "@types/node": "*"
      }
    },
    "node_modules/@types/node": {
      "version": "20.3.0",
      "resolved": "https://registry.npmjs.org/@types/node/-/node-20.3.0.tgz",
      "integrity": "sha512-cumHmIAf6On83X7yP+LrsEyUOf/YlociZelmpRYaGFydoaPdxdt80MAbu6vWerQT2COCp2nPvHdsbD7tHn/YlQ=="
    },
    "node_modules/@types/onoff": {
      "version": "4.1.0",
      "resolved": "https://registry.npmjs.org/@types/onoff/-/onoff-4.1.0.tgz",
      "integrity": "sha512-AvagXfwQ7Ki7IkjjjBqeVC5Hxayb7okpuOYaeFhHWhFUozYKPfAY+WfP6tZnE5ZEHfpOLv7fqm7YjpypIuoIrQ==",
      "deprecated": "This is a stub types definition. onoff provides its own type definitions, so you do not need this installed.",
      "dev": true,
      "dependencies": {
        "onoff": "*"
      }
    },
    "node_modules/@types/watch": {
      "version": "1.0.3",
      "resolved": "https://registry.npmjs.org/@types/watch/-/watch-1.0.3.tgz",
      "integrity": "sha512-4YlW05EAjLp6FRATvsWUQK+7kFGKYYz506z68Krfi2oENCOE5DYvF3rYQoCigMwXOdkLGJXf5lWTbY45JPbhoQ==",
      "dependencies": {
        "@types/node": "*"
      }
    },
    "node_modules/bindings": {
      "version": "1.5.0",
      "resolved": "https://registry.npmjs.org/bindings/-/bindings-1.5.0.tgz",
      "integrity": "sha512-p2q/t/mhvuOj/UeLlV6566GD/guowlr0hHxClI0W9m7MWYkL1F0hLo+0Aexs9HSPCtR1SXQ0TD3MMKrXZajbiQ==",
      "dependencies": {
        "file-uri-to-path": "1.0.0"
      }
    },
    "node_modules/child-process": {
      "version": "1.0.2",
      "resolved": "https://registry.npmjs.org/child-process/-/child-process-1.0.2.tgz",
      "integrity": "sha512-e45+JmjvkV2XQsJ9rUJghiYJ7/9Uk8fyYi1UwfP071VmGKBu/oD1OIwuD0+jSwjMtQkV0a0FVpPTEW+XGlbSdw=="
    },
    "node_modules/child-process-promise": {
      "version": "2.2.1",
      "resolved": "https://registry.npmjs.org/child-process-promise/-/child-process-promise-2.2.1.tgz",
      "integrity": "sha512-Fi4aNdqBsr0mv+jgWxcZ/7rAIC2mgihrptyVI4foh/rrjY/3BNjfP9+oaiFx/fzim+1ZyCNBae0DlyfQhSugog==",
      "dependencies": {
        "cross-spawn": "^4.0.2",
        "node-version": "^1.0.0",
        "promise-polyfill": "^6.0.1"
      }
    },
    "node_modules/cross-spawn": {
      "version": "4.0.2",
      "resolved": "https://registry.npmjs.org/cross-spawn/-/cross-spawn-4.0.2.tgz",
      "integrity": "sha512-yAXz/pA1tD8Gtg2S98Ekf/sewp3Lcp3YoFKJ4Hkp5h5yLWnKVTDU0kwjKJ8NDCYcfTLfyGkzTikst+jWypT1iA==",
      "dependencies": {
        "lru-cache": "^4.0.1",
        "which": "^1.2.9"
      }
    },
    "node_modules/epoll": {
      "version": "4.0.1",
      "resolved": "https://registry.npmjs.org/epoll/-/epoll-4.0.1.tgz",
      "integrity": "sha512-BgCq0nEsk+XI7y9qjrRtt9uXsyFEdvevvq42xl6t/hKZjxLSDZreD9rTZ0pU40V//c3Zzk2PZGuIsn8YJHSJ4g==",
      "hasInstallScript": true,
      "dependencies": {
        "bindings": "^1.5.0",
        "nan": "^2.14.2"
      },
      "engines": {
        "node": ">=10.0.0"
      }
    },
    "node_modules/file-uri-to-path": {
      "version": "1.0.0",
      "resolved": "https://registry.npmjs.org/file-uri-to-path/-/file-uri-to-path-1.0.0.tgz",
      "integrity": "sha512-0Zt+s3L7Vf1biwWZ29aARiVYLx7iMGnEUl9x33fbB/j3jR81u/O2LbqK+Bm1CDSNDKVtJ/YjwY7TUd5SkeLQLw=="
    },
    "node_modules/isexe": {
      "version": "2.0.0",
      "resolved": "https://registry.npmjs.org/isexe/-/isexe-2.0.0.tgz",
      "integrity": "sha512-RHxMLp9lnKHGHRng9QFhRCMbYAcVpn69smSGcq3f36xjgVVWThj4qqLbTLlq7Ssj8B+fIQ1EuCEGI2lKsyQeIw=="
    },
    "node_modules/lodash.clone": {
      "version": "4.5.0",
      "resolved": "https://registry.npmjs.org/lodash.clone/-/lodash.clone-4.5.0.tgz",
      "integrity": "sha512-GhrVeweiTD6uTmmn5hV/lzgCQhccwReIVRLHp7LT4SopOjqEZ5BbX8b5WWEtAKasjmy8hR7ZPwsYlxRCku5odg=="
    },
    "node_modules/lodash.debounce": {
      "version": "4.0.8",
      "resolved": "https://registry.npmjs.org/lodash.debounce/-/lodash.debounce-4.0.8.tgz",
      "integrity": "sha512-FT1yDzDYEoYWhnSGnpE/4Kj1fLZkDFyqRb7fNt6FdYOSxlUWAtp42Eh6Wb0rGIv/m9Bgo7x4GhQbm5Ys4SG5ow=="
    },
    "node_modules/lru-cache": {
      "version": "4.1.5",
      "resolved": "https://registry.npmjs.org/lru-cache/-/lru-cache-4.1.5.tgz",
      "integrity": "sha512-sWZlbEP2OsHNkXrMl5GYk/jKk70MBng6UU4YI/qGDYbgf6YbP4EvmqISbXCoJiRKs+1bSpFHVgQxvJ17F2li5g==",
      "dependencies": {
        "pseudomap": "^1.0.2",
        "yallist": "^2.1.2"
      }
    },
    "node_modules/mcp-spi-adc": {
      "version": "3.2.0",
      "resolved": "https://registry.npmjs.org/mcp-spi-adc/-/mcp-spi-adc-3.2.0.tgz",
      "integrity": "sha512-jjc7P0/m+LKhvuCbwtRmJ1CFtWgVu6p/GADc2Rcr9xYc/95Gf4cDFw+HyiD5Lczkjm43AT1GmZATQcOZuOfLSg==",
      "dependencies": {
        "lodash.clone": "^4.5.0",
        "spi-device": "^3.1.1"
      },
      "engines": {
        "node": ">=10.0.0"
      }
    },
    "node_modules/nan": {
      "version": "2.17.0",
      "resolved": "https://registry.npmjs.org/nan/-/nan-2.17.0.tgz",
      "integrity": "sha512-2ZTgtl0nJsO0KQCjEpxcIr5D+Yv90plTitZt9JBfQvVJDS5seMl3FOvsh3+9CoYWXf/1l5OaZzzF6nDm4cagaQ=="
    },
    "node_modules/node-version": {
      "version": "1.2.0",
      "resolved": "https://registry.npmjs.org/node-version/-/node-version-1.2.0.tgz",
      "integrity": "sha512-ma6oU4Sk0qOoKEAymVoTvk8EdXEobdS7m/mAGhDJ8Rouugho48crHBORAmy5BoOcv8wraPM6xumapQp5hl4iIQ==",
      "engines": {
        "node": ">=6.0.0"
      }
    },
    "node_modules/onoff": {
      "version": "6.0.3",
      "resolved": "https://registry.npmjs.org/onoff/-/onoff-6.0.3.tgz",
      "integrity": "sha512-xtVlwRDzswYM69bzzIui/qzu7QHsFnjsQiCV1iYVA/HXt5xdc9utc97SYAlXzK8wAhIN7+H7MaVqh2vpfdKk9A==",
      "dependencies": {
        "epoll": "^4.0.1",
        "lodash.debounce": "^4.0.8"
      },
      "engines": {
        "node": ">=10.0.0"
      }
    },
    "node_modules/promise-polyfill": {
      "version": "6.1.0",
      "resolved": "https://registry.npmjs.org/promise-polyfill/-/promise-polyfill-6.1.0.tgz",
      "integrity": "sha512-g0LWaH0gFsxovsU7R5LrrhHhWAWiHRnh1GPrhXnPgYsDkIqjRYUYSZEsej/wtleDrz5xVSIDbeKfidztp2XHFQ=="
    },
    "node_modules/pseudomap": {
      "version": "1.0.2",
      "resolved": "https://registry.npmjs.org/pseudomap/-/pseudomap-1.0.2.tgz",
      "integrity": "sha512-b/YwNhb8lk1Zz2+bXXpS/LK9OisiZZ1SNsSLxN1x2OXVEhW2Ckr/7mWE5vrC1ZTiJlD9g19jWszTmJsB+oEpFQ=="
    },
    "node_modules/spi-device": {
      "version": "3.1.2",
      "resolved": "https://registry.npmjs.org/spi-device/-/spi-device-3.1.2.tgz",
      "integrity": "sha512-5ubnDcpFjMAiO32j7Jrg/EMSmnInoh9LFzh/abVSJxTjCbmUQdRDVgNG5mRlOpMZc+SCHNSzqKVHGe8n0mVKwA==",
      "hasInstallScript": true,
      "dependencies": {
        "bindings": "^1.5.0",
        "nan": "^2.14.2"
      },
      "engines": {
        "node": ">=10.0.0"
      }
    },
    "node_modules/typescript": {
      "version": "5.1.3",
      "resolved": "https://registry.npmjs.org/typescript/-/typescript-5.1.3.tgz",
      "integrity": "sha512-XH627E9vkeqhlZFQuL+UsyAXEnibT0kWR2FWONlr4sTjvxyJYnyefgrkyECLzM5NenmKzRAy2rR/OlYLA1HkZw==",
      "dev": true,
      "bin": {
        "tsc": "bin/tsc",
        "tsserver": "bin/tsserver"
      },
      "engines": {
        "node": ">=14.17"
      }
    },
    "node_modules/which": {
      "version": "1.3.1",
      "resolved": "https://registry.npmjs.org/which/-/which-1.3.1.tgz",
      "integrity": "sha512-HxJdYWq1MTIQbJ3nw0cqssHoTNU267KlrDuGZ1WYlxDStUtKUhOaJmh112/TZmHxxUfuJqPXSOm7tDyas0OSIQ==",
      "dependencies": {
        "isexe": "^2.0.0"
      },
      "bin": {
        "which": "bin/which"
      }
    },
    "node_modules/yallist": {
      "version": "2.1.2",
      "resolved": "https://registry.npmjs.org/yallist/-/yallist-2.1.2.tgz",
      "integrity": "sha512-ncTzHV7NvsQZkYe1DW7cbDLm0YpzHmZF5r/iyP3ZnQtMiJ+pjzisCiMNI+Sj+xQF5pXhSHxSB3uDbsBTzY/c2A=="
    }
  }
}
